
Microsoft Visual Studio Solution File, Format Version 12.00
# Visual Studio Version 17
VisualStudioVersion = 17.2.32519.379
MinimumVisualStudioVersion = 10.0.40219.1
Project("{8BC9CEB8-8B4A-11D0-8D11-00A0C91BC942}") = "tarracsh", "tarrash.vcxproj", "{2A3A1CB3-01D6-41FE-9E4D-9E4FBFA482B6}"
EndProject
Global
	GlobalSection(SolutionConfigurationPlatforms) = preSolution
		DbDir|x64 = DbDir|x64
		DbDir|x86 = DbDir|x86
		DbDirMd5|x64 = DbDirMd5|x64
		DbDirMd5|x86 = DbDirMd5|x86
		DbFile|x64 = DbFile|x64
		DbFile|x86 = DbFile|x86
		DbJarDirMd5|x64 = DbJarDirMd5|x64
		DbJarDirMd5|x86 = DbJarDirMd5|x86
		Debug|x64 = Debug|x64
		Debug|x86 = Debug|x86
		DebugJar|x64 = DebugJar|x64
		DebugJar|x86 = DebugJar|x86
		RelBigDir|x64 = RelBigDir|x64
		RelBigDir|x86 = RelBigDir|x86
		RelDirMd5|x64 = RelDirMd5|x64
		RelDirMd5|x86 = RelDirMd5|x86
		Release|x64 = Release|x64
		Release|x86 = Release|x86
		ReleaseDir|x64 = ReleaseDir|x64
		ReleaseDir|x86 = ReleaseDir|x86
	EndGlobalSection
	GlobalSection(ProjectConfigurationPlatforms) = postSolution
		{2A3A1CB3-01D6-41FE-9E4D-9E4FBFA482B6}.DbDir|x64.ActiveCfg = DebugDir|x64
		{2A3A1CB3-01D6-41FE-9E4D-9E4FBFA482B6}.DbDir|x64.Build.0 = DebugDir|x64
		{2A3A1CB3-01D6-41FE-9E4D-9E4FBFA482B6}.DbDir|x86.ActiveCfg = DebugDir|Win32
		{2A3A1CB3-01D6-41FE-9E4D-9E4FBFA482B6}.DbDir|x86.Build.0 = DebugDir|Win32
		{2A3A1CB3-01D6-41FE-9E4D-9E4FBFA482B6}.DbDirMd5|x64.ActiveCfg = DbDirMd5|x64
		{2A3A1CB3-01D6-41FE-9E4D-9E4FBFA482B6}.DbDirMd5|x64.Build.0 = DbDirMd5|x64
		{2A3A1CB3-01D6-41FE-9E4D-9E4FBFA482B6}.DbDirMd5|x86.ActiveCfg = DbDirMd5|Win32
		{2A3A1CB3-01D6-41FE-9E4D-9E4FBFA482B6}.DbDirMd5|x86.Build.0 = DbDirMd5|Win32
		{2A3A1CB3-01D6-41FE-9E4D-9E4FBFA482B6}.DbFile|x64.ActiveCfg = DebugFile|x64
		{2A3A1CB3-01D6-41FE-9E4D-9E4FBFA482B6}.DbFile|x64.Build.0 = DebugFile|x64
		{2A3A1CB3-01D6-41FE-9E4D-9E4FBFA482B6}.DbFile|x86.ActiveCfg = DebugFile|Win32
		{2A3A1CB3-01D6-41FE-9E4D-9E4FBFA482B6}.DbFile|x86.Build.0 = DebugFile|Win32
		{2A3A1CB3-01D6-41FE-9E4D-9E4FBFA482B6}.DbJarDirMd5|x64.ActiveCfg = DbJarDirMd5|x64
		{2A3A1CB3-01D6-41FE-9E4D-9E4FBFA482B6}.DbJarDirMd5|x64.Build.0 = DbJarDirMd5|x64
		{2A3A1CB3-01D6-41FE-9E4D-9E4FBFA482B6}.DbJarDirMd5|x86.ActiveCfg = DbJarDirMd5|Win32
		{2A3A1CB3-01D6-41FE-9E4D-9E4FBFA482B6}.DbJarDirMd5|x86.Build.0 = DbJarDirMd5|Win32
		{2A3A1CB3-01D6-41FE-9E4D-9E4FBFA482B6}.Debug|x64.ActiveCfg = Debug|x64
		{2A3A1CB3-01D6-41FE-9E4D-9E4FBFA482B6}.Debug|x64.Build.0 = Debug|x64
		{2A3A1CB3-01D6-41FE-9E4D-9E4FBFA482B6}.Debug|x86.ActiveCfg = Debug|Win32
		{2A3A1CB3-01D6-41FE-9E4D-9E4FBFA482B6}.Debug|x86.Build.0 = Debug|Win32
		{2A3A1CB3-01D6-41FE-9E4D-9E4FBFA482B6}.DebugJar|x64.ActiveCfg = DebugJar|x64
		{2A3A1CB3-01D6-41FE-9E4D-9E4FBFA482B6}.DebugJar|x64.Build.0 = DebugJar|x64
		{2A3A1CB3-01D6-41FE-9E4D-9E4FBFA482B6}.DebugJar|x86.ActiveCfg = DebugJar|Win32
		{2A3A1CB3-01D6-41FE-9E4D-9E4FBFA482B6}.DebugJar|x86.Build.0 = DebugJar|Win32
		{2A3A1CB3-01D6-41FE-9E4D-9E4FBFA482B6}.RelBigDir|x64.ActiveCfg = RelBigDir|x64
		{2A3A1CB3-01D6-41FE-9E4D-9E4FBFA482B6}.RelBigDir|x64.Build.0 = RelBigDir|x64
		{2A3A1CB3-01D6-41FE-9E4D-9E4FBFA482B6}.RelBigDir|x86.ActiveCfg = RelBigDir|Win32
		{2A3A1CB3-01D6-41FE-9E4D-9E4FBFA482B6}.RelBigDir|x86.Build.0 = RelBigDir|Win32
		{2A3A1CB3-01D6-41FE-9E4D-9E4FBFA482B6}.RelDirMd5|x64.ActiveCfg = RelDirMd5|x64
		{2A3A1CB3-01D6-41FE-9E4D-9E4FBFA482B6}.RelDirMd5|x64.Build.0 = RelDirMd5|x64
		{2A3A1CB3-01D6-41FE-9E4D-9E4FBFA482B6}.RelDirMd5|x86.ActiveCfg = RelDirMd5|Win32
		{2A3A1CB3-01D6-41FE-9E4D-9E4FBFA482B6}.RelDirMd5|x86.Build.0 = RelDirMd5|Win32
		{2A3A1CB3-01D6-41FE-9E4D-9E4FBFA482B6}.Release|x64.ActiveCfg = Release|x64
		{2A3A1CB3-01D6-41FE-9E4D-9E4FBFA482B6}.Release|x64.Build.0 = Release|x64
		{2A3A1CB3-01D6-41FE-9E4D-9E4FBFA482B6}.Release|x86.ActiveCfg = Release|Win32
		{2A3A1CB3-01D6-41FE-9E4D-9E4FBFA482B6}.Release|x86.Build.0 = Release|Win32
		{2A3A1CB3-01D6-41FE-9E4D-9E4FBFA482B6}.ReleaseDir|x64.ActiveCfg = ReleaseDir|x64
		{2A3A1CB3-01D6-41FE-9E4D-9E4FBFA482B6}.ReleaseDir|x64.Build.0 = ReleaseDir|x64
		{2A3A1CB3-01D6-41FE-9E4D-9E4FBFA482B6}.ReleaseDir|x86.ActiveCfg = ReleaseDir|Win32
		{2A3A1CB3-01D6-41FE-9E4D-9E4FBFA482B6}.ReleaseDir|x86.Build.0 = ReleaseDir|Win32
	EndGlobalSection
	GlobalSection(SolutionProperties) = preSolution
		HideSolutionNode = FALSE
	EndGlobalSection
	GlobalSection(ExtensibilityGlobals) = postSolution
		SolutionGuid = {A0B28F5B-2CC3-4A27-9588-5D0783317305}
	EndGlobalSection
EndGlobal
